
Microsoft Visual Studio Solution File, Format Version 12.00
Project("{FAE04EC0-301F-11D3-BF4B-00C04F79EFBC}") = "Notes_API", "Notes_API\Notes_API.csproj", "{D73C2AF1-2440-4982-A518-A7C5A95FE222}"
EndProject
Global
	GlobalSection(SolutionConfigurationPlatforms) = preSolution
		Debug|Any CPU = Debug|Any CPU
		Release|Any CPU = Release|Any CPU
	EndGlobalSection
	GlobalSection(ProjectConfigurationPlatforms) = postSolution
		{D73C2AF1-2440-4982-A518-A7C5A95FE222}.Debug|Any CPU.ActiveCfg = Debug|Any CPU
		{D73C2AF1-2440-4982-A518-A7C5A95FE222}.Debug|Any CPU.Build.0 = Debug|Any CPU
		{D73C2AF1-2440-4982-A518-A7C5A95FE222}.Release|Any CPU.ActiveCfg = Release|Any CPU
		{D73C2AF1-2440-4982-A518-A7C5A95FE222}.Release|Any CPU.Build.0 = Release|Any CPU
	EndGlobalSection
EndGlobal
